
Microsoft Visual Studio Solution File, Format Version 12.00
# Visual Studio Version 17
VisualStudioVersion = 17.4.33122.133
MinimumVisualStudioVersion = 10.0.40219.1
Project("{FAE04EC0-301F-11D3-BF4B-00C04F79EFBC}") = "Hava_alani_projesi", "Hava_alani_projesi\Hava_alani_projesi.csproj", "{5C9FF46A-6BD4-4AEA-8EF8-DBC61B2316F9}"
EndProject
Global
	GlobalSection(SolutionConfigurationPlatforms) = preSolution
		Debug|Any CPU = Debug|Any CPU
		Release|Any CPU = Release|Any CPU
	EndGlobalSection
	GlobalSection(ProjectConfigurationPlatforms) = postSolution
		{5C9FF46A-6BD4-4AEA-8EF8-DBC61B2316F9}.Debug|Any CPU.ActiveCfg = Debug|Any CPU
		{5C9FF46A-6BD4-4AEA-8EF8-DBC61B2316F9}.Debug|Any CPU.Build.0 = Debug|Any CPU
		{5C9FF46A-6BD4-4AEA-8EF8-DBC61B2316F9}.Release|Any CPU.ActiveCfg = Release|Any CPU
		{5C9FF46A-6BD4-4AEA-8EF8-DBC61B2316F9}.Release|Any CPU.Build.0 = Release|Any CPU
	EndGlobalSection
	GlobalSection(SolutionProperties) = preSolution
		HideSolutionNode = FALSE
	EndGlobalSection
	GlobalSection(ExtensibilityGlobals) = postSolution
		SolutionGuid = {E2A246E3-B10C-4534-A8B9-7BAEFDB1463D}
	EndGlobalSection
EndGlobal
